// !$*UTF8*$!
{
	archiveVersion = 1;
	classes = {
	};
	objectVersion = 46;
	objects = {

/* Begin PBXBuildFile section */
		5A92A4321B5B56B5004CBD0B /* AppDelegate.swift in Sources */ = {isa = PBXBuildFile; fileRef = 5A92A4311B5B56B5004CBD0B /* AppDelegate.swift */; };
		5A92A4341B5B56B5004CBD0B /* ViewController.swift in Sources */ = {isa = PBXBuildFile; fileRef = 5A92A4331B5B56B5004CBD0B /* ViewController.swift */; };
		5A92A4371B5B56B5004CBD0B /* Main.storyboard in Resources */ = {isa = PBXBuildFile; fileRef = 5A92A4351B5B56B5004CBD0B /* Main.storyboard */; };
		5A92A4391B5B56B5004CBD0B /* Images.xcassets in Resources */ = {isa = PBXBuildFile; fileRef = 5A92A4381B5B56B5004CBD0B /* Images.xcassets */; };
		5A92A43C1B5B56B5004CBD0B /* LaunchScreen.xib in Resources */ = {isa = PBXBuildFile; fileRef = 5A92A43A1B5B56B5004CBD0B /* LaunchScreen.xib */; };
		5A92A4481B5B56B5004CBD0B /* SLIDERS_RGBTests.swift in Sources */ = {isa = PBXBuildFile; fileRef = 5A92A4471B5B56B5004CBD0B /* SLIDERS_RGBTests.swift */; };
/* End PBXBuildFile section */

/* Begin PBXContainerItemProxy section */
		5A92A4421B5B56B5004CBD0B /* PBXContainerItemProxy */ = {
			isa = PBXContainerItemProxy;
			containerPortal = 5A92A4241B5B56B5004CBD0B /* Project object */;
			proxyType = 1;
			remoteGlobalIDString = 5A92A42B1B5B56B5004CBD0B;
			remoteInfo = "SLIDERS RGB";
		};
/* End PBXContainerItemProxy section */

/* Begin PBXFileReference section */
		5A92A42C1B5B56B5004CBD0B /* SLIDERS RGB.app */ = {isa = PBXFileReference; explicitFileType = wrapper.application; includeInIndex = 0; path = "SLIDERS RGB.app"; sourceTree = BUILT_PRODUCTS_DIR; };
		5A92A4301B5B56B5004CBD0B /* Info.plist */ = {isa = PBXFileReference; lastKnownFileType = text.plist.xml; path = Info.plist; sourceTree = "<group>"; };
		5A92A4311B5B56B5004CBD0B /* AppDelegate.swift */ = {isa = PBXFileReference; lastKnownFileType = sourcecode.swift; path = AppDelegate.swift; sourceTree = "<group>"; };
		5A92A4331B5B56B5004CBD0B /* ViewController.swift */ = {isa = PBXFileReference; lastKnownFileType = sourcecode.swift; path = ViewController.swift; sourceTree = "<group>"; };
		5A92A4361B5B56B5004CBD0B /* Base */ = {isa = PBXFileReference; lastKnownFileType = file.storyboard; name = Base; path = Base.lproj/Main.storyboard; sourceTree = "<group>"; };
		5A92A4381B5B56B5004CBD0B /* Images.xcassets */ = {isa = PBXFileReference; lastKnownFileType = folder.assetcatalog; path = Images.xcassets; sourceTree = "<group>"; };
		5A92A43B1B5B56B5004CBD0B /* Base */ = {isa = PBXFileReference; lastKnownFileType = file.xib; name = Base; path = Base.lproj/LaunchScreen.xib; sourceTree = "<group>"; };
		5A92A4411B5B56B5004CBD0B /* SLIDERS RGBTests.xctest */ = {isa = PBXFileReference; explicitFileType = wrapper.cfbundle; includeInIndex = 0; path = "SLIDERS RGBTests.xctest"; sourceTree = BUILT_PRODUCTS_DIR; };
		5A92A4461B5B56B5004CBD0B /* Info.plist */ = {isa = PBXFileReference; lastKnownFileType = text.plist.xml; path = Info.plist; sourceTree = "<group>"; };
		5A92A4471B5B56B5004CBD0B /* SLIDERS_RGBTests.swift */ = {isa = PBXFileReference; lastKnownFileType = sourcecode.swift; path = SLIDERS_RGBTests.swift; sourceTree = "<group>"; };
/* End PBXFileReference section */

/* Begin PBXFrameworksBuildPhase section */
		5A92A4291B5B56B5004CBD0B /* Frameworks */ = {
			isa = PBXFrameworksBuildPhase;
			buildActionMask = 2147483647;
			files = (
			);
			runOnlyForDeploymentPostprocessing = 0;
		};
		5A92A43E1B5B56B5004CBD0B /* Frameworks */ = {
			isa = PBXFrameworksBuildPhase;
			buildActionMask = 2147483647;
			files = (
			);
			runOnlyForDeploymentPostprocessing = 0;
		};
/* End PBXFrameworksBuildPhase section */

/* Begin PBXGroup section */
		5A92A4231B5B56B5004CBD0B = {
			isa = PBXGroup;
			children = (
				5A92A42E1B5B56B5004CBD0B /* SLIDERS RGB */,
				5A92A4441B5B56B5004CBD0B /* SLIDERS RGBTests */,
				5A92A42D1B5B56B5004CBD0B /* Products */,
			);
			sourceTree = "<group>";
		};
		5A92A42D1B5B56B5004CBD0B /* Products */ = {
			isa = PBXGroup;
			children = (
				5A92A42C1B5B56B5004CBD0B /* SLIDERS RGB.app */,
				5A92A4411B5B56B5004CBD0B /* SLIDERS RGBTests.xctest */,
			);
			name = Products;
			sourceTree = "<group>";
		};
		5A92A42E1B5B56B5004CBD0B /* SLIDERS RGB */ = {
			isa = PBXGroup;
			children = (
				5A92A4311B5B56B5004CBD0B /* AppDelegate.swift */,
				5A92A4331B5B56B5004CBD0B /* ViewController.swift */,
				5A92A4351B5B56B5004CBD0B /* Main.storyboard */,
				5A92A4381B5B56B5004CBD0B /* Images.xcassets */,
				5A92A43A1B5B56B5004CBD0B /* LaunchScreen.xib */,
				5A92A42F1B5B56B5004CBD0B /* Supporting Files */,
			);
			path = "SLIDERS RGB";
			sourceTree = "<group>";
		};
		5A92A42F1B5B56B5004CBD0B /* Supporting Files */ = {
			isa = PBXGroup;
			children = (
				5A92A4301B5B56B5004CBD0B /* Info.plist */,
			);
			name = "Supporting Files";
			sourceTree = "<group>";
		};
		5A92A4441B5B56B5004CBD0B /* SLIDERS RGBTests */ = {
			isa = PBXGroup;
			children = (
				5A92A4471B5B56B5004CBD0B /* SLIDERS_RGBTests.swift */,
				5A92A4451B5B56B5004CBD0B /* Supporting Files */,
			);
			path = "SLIDERS RGBTests";
			sourceTree = "<group>";
		};
		5A92A4451B5B56B5004CBD0B /* Supporting Files */ = {
			isa = PBXGroup;
			children = (
				5A92A4461B5B56B5004CBD0B /* Info.plist */,
			);
			name = "Supporting Files";
			sourceTree = "<group>";
		};
/* End PBXGroup section */

/* Begin PBXNativeTarget section */
		5A92A42B1B5B56B5004CBD0B /* SLIDERS RGB */ = {
			isa = PBXNativeTarget;
			buildConfigurationList = 5A92A44B1B5B56B5004CBD0B /* Build configuration list for PBXNativeTarget "SLIDERS RGB" */;
			buildPhases = (
				5A92A4281B5B56B5004CBD0B /* Sources */,
				5A92A4291B5B56B5004CBD0B /* Frameworks */,
				5A92A42A1B5B56B5004CBD0B /* Resources */,
			);
			buildRules = (
			);
			dependencies = (
			);
			name = "SLIDERS RGB";
			productName = "SLIDERS RGB";
			productReference = 5A92A42C1B5B56B5004CBD0B /* SLIDERS RGB.app */;
			productType = "com.apple.product-type.application";
		};
		5A92A4401B5B56B5004CBD0B /* SLIDERS RGBTests */ = {
			isa = PBXNativeTarget;
			buildConfigurationList = 5A92A44E1B5B56B5004CBD0B /* Build configuration list for PBXNativeTarget "SLIDERS RGBTests" */;
			buildPhases = (
				5A92A43D1B5B56B5004CBD0B /* Sources */,
				5A92A43E1B5B56B5004CBD0B /* Frameworks */,
				5A92A43F1B5B56B5004CBD0B /* Resources */,
			);
			buildRules = (
			);
			dependencies = (
				5A92A4431B5B56B5004CBD0B /* PBXTargetDependency */,
			);
			name = "SLIDERS RGBTests";
			productName = "SLIDERS RGBTests";
			productReference = 5A92A4411B5B56B5004CBD0B /* SLIDERS RGBTests.xctest */;
			productType = "com.apple.product-type.bundle.unit-test";
		};
/* End PBXNativeTarget section */

/* Begin PBXProject section */
		5A92A4241B5B56B5004CBD0B /* Project object */ = {
			isa = PBXProject;
			attributes = {
				LastUpgradeCheck = 0630;
				ORGANIZATIONNAME = CQ;
				TargetAttributes = {
					5A92A42B1B5B56B5004CBD0B = {
						CreatedOnToolsVersion = 6.3.2;
					};
					5A92A4401B5B56B5004CBD0B = {
						CreatedOnToolsVersion = 6.3.2;
						TestTargetID = 5A92A42B1B5B56B5004CBD0B;
					};
				};
			};
			buildConfigurationList = 5A92A4271B5B56B5004CBD0B /* Build configuration list for PBXProject "SLIDERS RGB" */;
			compatibilityVersion = "Xcode 3.2";
			developmentRegion = English;
			hasScannedForEncodings = 0;
			knownRegions = (
				en,
				Base,
			);
			mainGroup = 5A92A4231B5B56B5004CBD0B;
			productRefGroup = 5A92A42D1B5B56B5004CBD0B /* Products */;
			projectDirPath = "";
			projectRoot = "";
			targets = (
				5A92A42B1B5B56B5004CBD0B /* SLIDERS RGB */,
				5A92A4401B5B56B5004CBD0B /* SLIDERS RGBTests */,
			);
		};
/* End PBXProject section */

/* Begin PBXResourcesBuildPhase section */
		5A92A42A1B5B56B5004CBD0B /* Resources */ = {
			isa = PBXResourcesBuildPhase;
			buildActionMask = 2147483647;
			files = (
				5A92A4371B5B56B5004CBD0B /* Main.storyboard in Resources */,
				5A92A43C1B5B56B5004CBD0B /* LaunchScreen.xib in Resources */,
				5A92A4391B5B56B5004CBD0B /* Images.xcassets in Resources */,
			);
			runOnlyForDeploymentPostprocessing = 0;
		};
		5A92A43F1B5B56B5004CBD0B /* Resources */ = {
			isa = PBXResourcesBuildPhase;
			buildActionMask = 2147483647;
			files = (
			);
			runOnlyForDeploymentPostprocessing = 0;
		};
/* End PBXResourcesBuildPhase section */

/* Begin PBXSourcesBuildPhase section */
		5A92A4281B5B56B5004CBD0B /* Sources */ = {
			isa = PBXSourcesBuildPhase;
			buildActionMask = 2147483647;
			files = (
				5A92A4341B5B56B5004CBD0B /* ViewController.swift in Sources */,
				5A92A4321B5B56B5004CBD0B /* AppDelegate.swift in Sources */,
			);
			runOnlyForDeploymentPostprocessing = 0;
		};
		5A92A43D1B5B56B5004CBD0B /* Sources */ = {
			isa = PBXSourcesBuildPhase;
			buildActionMask = 2147483647;
			files = (
				5A92A4481B5B56B5004CBD0B /* SLIDERS_RGBTests.swift in Sources */,
			);
			runOnlyForDeploymentPostprocessing = 0;
		};
/* End PBXSourcesBuildPhase section */

/* Begin PBXTargetDependency section */
		5A92A4431B5B56B5004CBD0B /* PBXTargetDependency */ = {
			isa = PBXTargetDependency;
			target = 5A92A42B1B5B56B5004CBD0B /* SLIDERS RGB */;
			targetProxy = 5A92A4421B5B56B5004CBD0B /* PBXContainerItemProxy */;
		};
/* End PBXTargetDependency section */

/* Begin PBXVariantGroup section */
		5A92A4351B5B56B5004CBD0B /* Main.storyboard */ = {
			isa = PBXVariantGroup;
			children = (
				5A92A4361B5B56B5004CBD0B /* Base */,
			);
			name = Main.storyboard;
			sourceTree = "<group>";
		};
		5A92A43A1B5B56B5004CBD0B /* LaunchScreen.xib */ = {
			isa = PBXVariantGroup;
			children = (
				5A92A43B1B5B56B5004CBD0B /* Base */,
			);
			name = LaunchScreen.xib;
			sourceTree = "<group>";
		};
/* End PBXVariantGroup section */

/* Begin XCBuildConfiguration section */
		5A92A4491B5B56B5004CBD0B /* Debug */ = {
			isa = XCBuildConfiguration;
			buildSettings = {
				ALWAYS_SEARCH_USER_PATHS = NO;
				CLANG_CXX_LANGUAGE_STANDARD = "gnu++0x";
				CLANG_CXX_LIBRARY = "libc++";
				CLANG_ENABLE_MODULES = YES;
				CLANG_ENABLE_OBJC_ARC = YES;
				CLANG_WARN_BOOL_CONVERSION = YES;
				CLANG_WARN_CONSTANT_CONVERSION = YES;
				CLANG_WARN_DIRECT_OBJC_ISA_USAGE = YES_ERROR;
				CLANG_WARN_EMPTY_BODY = YES;
				CLANG_WARN_ENUM_CONVERSION = YES;
				CLANG_WARN_INT_CONVERSION = YES;
				CLANG_WARN_OBJC_ROOT_CLASS = YES_ERROR;
				CLANG_WARN_UNREACHABLE_CODE = YES;
				CLANG_WARN__DUPLICATE_METHOD_MATCH = YES;
				"CODE_SIGN_IDENTITY[sdk=iphoneos*]" = "iPhone Developer";
				COPY_PHASE_STRIP = NO;
				DEBUG_INFORMATION_FORMAT = "dwarf-with-dsym";
				ENABLE_STRICT_OBJC_MSGSEND = YES;
				GCC_C_LANGUAGE_STANDARD = gnu99;
				GCC_DYNAMIC_NO_PIC = NO;
				GCC_NO_COMMON_BLOCKS = YES;
				GCC_OPTIMIZATION_LEVEL = 0;
				GCC_PREPROCESSOR_DEFINITIONS = (
					"DEBUG=1",
					"$(inherited)",
				);
				GCC_SYMBOLS_PRIVATE_EXTERN = NO;
				GCC_WARN_64_TO_32_BIT_CONVERSION = YES;
				GCC_WARN_ABOUT_RETURN_TYPE = YES_ERROR;
				GCC_WARN_UNDECLARED_SELECTOR = YES;
				GCC_WARN_UNINITIALIZED_AUTOS = YES_AGGRESSIVE;
				GCC_WARN_UNUSED_FUNCTION = YES;
				GCC_WARN_UNUSED_VARIABLE = YES;
				IPHONEOS_DEPLOYMENT_TARGET = 8.3;
				MTL_ENABLE_DEBUG_INFO = YES;
				ONLY_ACTIVE_ARCH = YES;
				SDKROOT = iphoneos;
				SWIFT_OPTIMIZATION_LEVEL = "-Onone";
				TARGETED_DEVICE_FAMILY = "1,2";
			};
			name = Debug;
		};
		5A92A44A1B5B56B5004CBD0B /* Release */ = {
			isa = XCBuildConfiguration;
			buildSettings = {
				ALWAYS_SEARCH_USER_PATHS = NO;
				CLANG_CXX_LANGUAGE_STANDARD = "gnu++0x";
				CLANG_CXX_LIBRARY = "libc++";
				CLANG_ENABLE_MODULES = YES;
				CLANG_ENABLE_OBJC_ARC = YES;
				CLANG_WARN_BOOL_CONVERSION = YES;
				CLANG_WARN_CONSTANT_CONVERSION = YES;
				CLANG_WARN_DIRECT_OBJC_ISA_USAGE = YES_ERROR;
				CLANG_WARN_EMPTY_BODY = YES;
				CLANG_WARN_ENUM_CONVERSION = YES;
				CLANG_WARN_INT_CONVERSION = YES;
				CLANG_WARN_OBJC_ROOT_CLASS = YES_ERROR;
				CLANG_WARN_UNREACHABLE_CODE = YES;
				CLANG_WARN__DUPLICATE_METHOD_MATCH = YES;
				"CODE_SIGN_IDENTITY[sdk=iphoneos*]" = "iPhone Developer";
				COPY_PHASE_STRIP = NO;
				DEBUG_INFORMATION_FORMAT = "dwarf-with-dsym";
				ENABLE_NS_ASSERTIONS = NO;
				ENABLE_STRICT_OBJC_MSGSEND = YES;
				GCC_C_LANGUAGE_STANDARD = gnu99;
				GCC_NO_COMMON_BLOCKS = YES;
				GCC_WARN_64_TO_32_BIT_CONVERSION = YES;
				GCC_WARN_ABOUT_RETURN_TYPE = YES_ERROR;
				GCC_WARN_UNDECLARED_SELECTOR = YES;
				GCC_WARN_UNINITIALIZED_AUTOS = YES_AGGRESSIVE;
				GCC_WARN_UNUSED_FUNCTION = YES;
				GCC_WARN_UNUSED_VARIABLE = YES;
				IPHONEOS_DEPLOYMENT_TARGET = 8.3;
				MTL_ENABLE_DEBUG_INFO = NO;
				SDKROOT = iphoneos;
				TARGETED_DEVICE_FAMILY = "1,2";
				VALIDATE_PRODUCT = YES;
			};
			name = Release;
		};
		5A92A44C1B5B56B5004CBD0B /* Debug */ = {
			isa = XCBuildConfiguration;
			buildSettings = {
				ASSETCATALOG_COMPILER_APPICON_NAME = AppIcon;
				INFOPLIST_FILE = "SLIDERS RGB/Info.plist";
				LD_RUNPATH_SEARCH_PATHS = "$(inherited) @executable_path/Frameworks";
				PRODUCT_NAME = "$(TARGET_NAME)";
			};
			name = Debug;
		};
		5A92A44D1B5B56B5004CBD0B /* Release */ = {
			isa = XCBuildConfiguration;
			buildSettings = {
				ASSETCATALOG_COMPILER_APPICON_NAME = AppIcon;
				INFOPLIST_FILE = "SLIDERS RGB/Info.plist";
				LD_RUNPATH_SEARCH_PATHS = "$(inherited) @executable_path/Frameworks";
				PRODUCT_NAME = "$(TARGET_NAME)";
			};
			name = Release;
		};
		5A92A44F1B5B56B5004CBD0B /* Debug */ = {
			isa = XCBuildConfiguration;
			buildSettings = {
				BUNDLE_LOADER = "$(TEST_HOST)";
				FRAMEWORK_SEARCH_PATHS = (
					"$(SDKROOT)/Developer/Library/Frameworks",
					"$(inherited)",
				);
				GCC_PREPROCESSOR_DEFINITIONS = (
					"DEBUG=1",
					"$(inherited)",
				);
				INFOPLIST_FILE = "SLIDERS RGBTests/Info.plist";
				LD_RUNPATH_SEARCH_PATHS = "$(inherited) @executable_path/Frameworks @loader_path/Frameworks";
				PRODUCT_NAME = "$(TARGET_NAME)";
				TEST_HOST = "$(BUILT_PRODUCTS_DIR)/SLIDERS RGB.app/SLIDERS RGB";
			};
			name = Debug;
		};
		5A92A4501B5B56B5004CBD0B /* Release */ = {
			isa = XCBuildConfiguration;
			buildSettings = {
				BUNDLE_LOADER = "$(TEST_HOST)";
				FRAMEWORK_SEARCH_PATHS = (
					"$(SDKROOT)/Developer/Library/Frameworks",
					"$(inherited)",
				);
				INFOPLIST_FILE = "SLIDERS RGBTests/Info.plist";
				LD_RUNPATH_SEARCH_PATHS = "$(inherited) @executable_path/Frameworks @loader_path/Frameworks";
				PRODUCT_NAME = "$(TARGET_NAME)";
				TEST_HOST = "$(BUILT_PRODUCTS_DIR)/SLIDERS RGB.app/SLIDERS RGB";
			};
			name = Release;
		};
/* End XCBuildConfiguration section */

/* Begin XCConfigurationList section */
		5A92A4271B5B56B5004CBD0B /* Build configuration list for PBXProject "SLIDERS RGB" */ = {
			isa = XCConfigurationList;
			buildConfigurations = (
				5A92A4491B5B56B5004CBD0B /* Debug */,
				5A92A44A1B5B56B5004CBD0B /* Release */,
			);
			defaultConfigurationIsVisible = 0;
			defaultConfigurationName = Release;
		};
		5A92A44B1B5B56B5004CBD0B /* Build configuration list for PBXNativeTarget "SLIDERS RGB" */ = {
			isa = XCConfigurationList;
			buildConfigurations = (
				5A92A44C1B5B56B5004CBD0B /* Debug */,
				5A92A44D1B5B56B5004CBD0B /* Release */,
			);
			defaultConfigurationIsVisible = 0;
		};
		5A92A44E1B5B56B5004CBD0B /* Build configuration list for PBXNativeTarget "SLIDERS RGBTests" */ = {
			isa = XCConfigurationList;
			buildConfigurations = (
				5A92A44F1B5B56B5004CBD0B /* Debug */,
				5A92A4501B5B56B5004CBD0B /* Release */,
			);
			defaultConfigurationIsVisible = 0;
		};
/* End XCConfigurationList section */
	};
	rootObject = 5A92A4241B5B56B5004CBD0B /* Project object */;
}
